
Microsoft Visual Studio Solution File, Format Version 12.00
# Visual Studio 15
VisualStudioVersion = 15.0.27130.2010
MinimumVisualStudioVersion = 10.0.40219.1
Project("{FAE04EC0-301F-11D3-BF4B-00C04F79EFBC}") = "Raymond.Costco.Web.AutoTest.Library", "Raymond.Costco.Web.AutoTest.Library\Raymond.Costco.Web.AutoTest.Library.csproj", "{85287F6C-F087-4C95-8284-E33E3BF8FC5A}"
EndProject
Project("{FAE04EC0-301F-11D3-BF4B-00C04F79EFBC}") = "Raymond.Costco.Web.AutoTest", "Raymond.Costco.Web.AutoTest\Raymond.Costco.Web.AutoTest.csproj", "{317027BF-4294-4280-8CE9-A4230D5E6EDE}"
EndProject
Global
	GlobalSection(SolutionConfigurationPlatforms) = preSolution
		Debug|Any CPU = Debug|Any CPU
		Release|Any CPU = Release|Any CPU
	EndGlobalSection
	GlobalSection(ProjectConfigurationPlatforms) = postSolution
		{85287F6C-F087-4C95-8284-E33E3BF8FC5A}.Debug|Any CPU.ActiveCfg = Debug|Any CPU
		{85287F6C-F087-4C95-8284-E33E3BF8FC5A}.Debug|Any CPU.Build.0 = Debug|Any CPU
		{85287F6C-F087-4C95-8284-E33E3BF8FC5A}.Release|Any CPU.ActiveCfg = Release|Any CPU
		{85287F6C-F087-4C95-8284-E33E3BF8FC5A}.Release|Any CPU.Build.0 = Release|Any CPU
		{317027BF-4294-4280-8CE9-A4230D5E6EDE}.Debug|Any CPU.ActiveCfg = Debug|Any CPU
		{317027BF-4294-4280-8CE9-A4230D5E6EDE}.Debug|Any CPU.Build.0 = Debug|Any CPU
		{317027BF-4294-4280-8CE9-A4230D5E6EDE}.Release|Any CPU.ActiveCfg = Release|Any CPU
		{317027BF-4294-4280-8CE9-A4230D5E6EDE}.Release|Any CPU.Build.0 = Release|Any CPU
	EndGlobalSection
	GlobalSection(SolutionProperties) = preSolution
		HideSolutionNode = FALSE
	EndGlobalSection
EndGlobal
